# THIS IS AN AUTOGENERATED FILE. DO NOT EDIT THIS FILE DIRECTLY.
# yarn lockfile v1


"@types/d3-array@*":
  version "2.0.0"
  resolved "https://registry.yarnpkg.com/@types/d3-array/-/d3-array-2.0.0.tgz#a0d63a296a2d8435a9ec59393dcac746c6174a96"
  integrity sha512-rGqfPVowNDTszSFvwoZIXvrPG7s/qKzm9piCRIH6xwTTRu7pPZ3ootULFnPkTt74B6i5lN0FpLQL24qGOw1uZA==

"@types/d3-array@^1":
  version "1.2.7"
  resolved "https://registry.yarnpkg.com/@types/d3-array/-/d3-array-1.2.7.tgz#34dc654d34fc058c41c31dbca1ed68071a8fcc17"
  integrity sha512-51vHWuUyDOi+8XuwPrTw3cFqyh2Slg9y8COYkRfjCPG9TfYqY0hoNPzv/8BrcAy0FeQBzqEo/D/8Nk2caOQJnA==

"@types/d3-axis@*":
  version "1.0.12"
  resolved "https://registry.yarnpkg.com/@types/d3-axis/-/d3-axis-1.0.12.tgz#8c124edfcc02f3b3a9cdaa2a28b8a20341401799"
  integrity sha512-BZISgSD5M8TgURyNtcPAmUB9sk490CO1Thb6/gIn0WZTt3Y50IssX+2Z0vTccoqZksUDTep0b+o4ofXslvNbqg==
  dependencies:
    "@types/d3-selection" "*"

"@types/d3-brush@*":
  version "1.0.10"
  resolved "https://registry.yarnpkg.com/@types/d3-brush/-/d3-brush-1.0.10.tgz#aa9b5545d816c29d19cff20118f236713af8e9fb"
  integrity sha512-J8jREATIrfJaAfhJivqaEKPnJsRlwwrOPje+ABqZFgamADjll+q9zaDXnYyjiGPPsiJEU+Qq9jQi5rECxIOfhg==
  dependencies:
    "@types/d3-selection" "*"

"@types/d3-chord@*":
  version "1.0.9"
  resolved "https://registry.yarnpkg.com/@types/d3-chord/-/d3-chord-1.0.9.tgz#ccc5de03ff079025491b7aa6b750670a140b45ae"
  integrity sha512-UA6lI9CVW5cT5Ku/RV4hxoFn4mKySHm7HEgodtfRthAj1lt9rKZEPon58vyYfk+HIAm33DtJJgZwMXy2QgyPXw==

"@types/d3-collection@*":
  version "1.0.8"
  resolved "https://registry.yarnpkg.com/@types/d3-collection/-/d3-collection-1.0.8.tgz#aa9552c570a96e33c132e0fd20e331f64baa9dd5"
  integrity sha512-y5lGlazdc0HNO0F3UUX2DPE7OmYvd9Kcym4hXwrJcNUkDaypR5pX+apuMikl9LfTxKItJsY9KYvzBulpCKyvuQ==

"@types/d3-color@*":
  version "1.2.2"
  resolved "https://registry.yarnpkg.com/@types/d3-color/-/d3-color-1.2.2.tgz#80cf7cfff7401587b8f89307ba36fe4a576bc7cf"
  integrity sha512-6pBxzJ8ZP3dYEQ4YjQ+NVbQaOflfgXq/JbDiS99oLobM2o72uAST4q6yPxHv6FOTCRC/n35ktuo8pvw/S4M7sw==

"@types/d3-contour@*":
  version "1.3.0"
  resolved "https://registry.yarnpkg.com/@types/d3-contour/-/d3-contour-1.3.0.tgz#1a408b121fa5e341f715e3055303ef3079fc7eb0"
  integrity sha512-AUCUIjEnC5lCGBM9hS+MryRaFLIrPls4Rbv6ktqbd+TK/RXZPwOy9rtBWmGpbeXcSOYCJTUDwNJuEnmYPJRxHQ==
  dependencies:
    "@types/d3-array" "*"
    "@types/geojson" "*"

"@types/d3-dispatch@*":
  version "1.0.7"
  resolved "https://registry.yarnpkg.com/@types/d3-dispatch/-/d3-dispatch-1.0.7.tgz#6721aefbb9862ce78c20a87a1490c21f57c3ed7f"
  integrity sha512-M+z84G7UKwK6hEPnGCSccOg8zJ3Nk2hgDQ9sCstHXgsFU0sMxlIZVKqKB5oxUDbALqQG6ucg0G9e8cmOSlishg==

"@types/d3-drag@*":
  version "1.2.3"
  resolved "https://registry.yarnpkg.com/@types/d3-drag/-/d3-drag-1.2.3.tgz#d8ddccca28e939e9c689bea6f40a937e48c39051"
  integrity sha512-rWB5SPvkYVxW3sqUxHOJUZwifD0KqvKwvt1bhNqcLpW6Azsd0BJgRNcyVW8GAferaAk5r8dzeZnf9zKlg9+xMQ==
  dependencies:
    "@types/d3-selection" "*"

"@types/d3-dsv@*":
  version "1.0.36"
  resolved "https://registry.yarnpkg.com/@types/d3-dsv/-/d3-dsv-1.0.36.tgz#e91129d7c02b1b814838d001e921e8b9a67153d0"
  integrity sha512-jbIWQ27QJcBNMZbQv0NSQMHnBDCmxghAxePxgyiPH1XPCRkOsTBei7jcdi3fDrUCGpCV3lKrSZFSlOkhUQVClA==

"@types/d3-ease@*":
  version "1.0.8"
  resolved "https://registry.yarnpkg.com/@types/d3-ease/-/d3-ease-1.0.8.tgz#b440761fb85985d76259ec9c5bf01c4c56778ac2"
  integrity sha512-VRf8czVWHSJPoUWxMunzpePK02//wHDAswknU8QWzcyrQn6pqe46bHRYi2smSpw5VjsT2CG8k/QeWIdWPS3Bmg==

"@types/d3-fetch@*":
  version "1.1.5"
  resolved "https://registry.yarnpkg.com/@types/d3-fetch/-/d3-fetch-1.1.5.tgz#51601f79dd4653b5d84e6a3176d78145e065db5e"
  integrity sha512-o9c0ItT5/Gl3wbNuVpzRnYX1t3RghzeWAjHUVLuyZJudiTxC4f/fC0ZPFWLQ2lVY8pAMmxpV8TJ6ETYCgPeI3A==
  dependencies:
    "@types/d3-dsv" "*"

"@types/d3-force@*":
  version "1.2.1"
  resolved "https://registry.yarnpkg.com/@types/d3-force/-/d3-force-1.2.1.tgz#c28803ea36fe29788db69efa0ad6c2dc09544e83"
  integrity sha512-jqK+I36uz4kTBjyk39meed5y31Ab+tXYN/x1dn3nZEus9yOHCLc+VrcIYLc/aSQ0Y7tMPRlIhLetulME76EiiA==

"@types/d3-format@*":
  version "1.3.1"
  resolved "https://registry.yarnpkg.com/@types/d3-format/-/d3-format-1.3.1.tgz#35bf88264bd6bcda39251165bb827f67879c4384"
  integrity sha512-KAWvReOKMDreaAwOjdfQMm0HjcUMlQG47GwqdVKgmm20vTd2pucj0a70c3gUSHrnsmo6H2AMrkBsZU2UhJLq8A==

"@types/d3-geo@*":
  version "1.11.1"
  resolved "https://registry.yarnpkg.com/@types/d3-geo/-/d3-geo-1.11.1.tgz#e96ec91f16221d87507fec66b2cc889f52d2493e"
  integrity sha512-Ox8WWOG3igDRoep/dNsGbOiSJYdUG3ew/6z0ETvHyAtXZVBjOE0S96zSSmzgl0gqQ3RdZjn2eeJOj9oRcMZPkQ==
  dependencies:
    "@types/geojson" "*"

"@types/d3-hierarchy@*":
  version "1.1.6"
  resolved "https://registry.yarnpkg.com/@types/d3-hierarchy/-/d3-hierarchy-1.1.6.tgz#4c017521900813ea524c9ecb8d7985ec26a9ad9a"
  integrity sha512-vvSaIDf/Ov0o3KwMT+1M8+WbnnlRiGjlGD5uvk83a1mPCTd/E5x12bUJ/oP55+wUY/4Kb5kc67rVpVGJ2KUHxg==

"@types/d3-interpolate@*":
  version "1.3.1"
  resolved "https://registry.yarnpkg.com/@types/d3-interpolate/-/d3-interpolate-1.3.1.tgz#1c280511f622de9b0b47d463fa55f9a4fd6f5fc8"
  integrity sha512-z8Zmi08XVwe8e62vP6wcA+CNuRhpuUU5XPEfqpG0hRypDE5BWNthQHB1UNWWDB7ojCbGaN4qBdsWp5kWxhT1IQ==
  dependencies:
    "@types/d3-color" "*"

"@types/d3-path@*":
  version "1.0.8"
  resolved "https://registry.yarnpkg.com/@types/d3-path/-/d3-path-1.0.8.tgz#48e6945a8ff43ee0a1ce85c8cfa2337de85c7c79"
  integrity sha512-AZGHWslq/oApTAHu9+yH/Bnk63y9oFOMROtqPAtxl5uB6qm1x2lueWdVEjsjjV3Qc2+QfuzKIwIR5MvVBakfzA==

"@types/d3-polygon@*":
  version "1.0.7"
  resolved "https://registry.yarnpkg.com/@types/d3-polygon/-/d3-polygon-1.0.7.tgz#7b3947aa2d48287ff535230d3d396668ab17bfdf"
  integrity sha512-Xuw0eSjQQKs8jTiNbntWH0S+Xp+JyhqxmQ0YAQ3rDu6c3kKMFfgsaGN7Jv5u3zG6yVX/AsLP/Xs/QRjmi9g43Q==

"@types/d3-quadtree@*":
  version "1.0.7"
  resolved "https://registry.yarnpkg.com/@types/d3-quadtree/-/d3-quadtree-1.0.7.tgz#8e29464ff5b326f6612c1428d9362b4b35de2b70"
  integrity sha512-0ajFawWicfjsaCLh6NzxOyVDYhQAmMFbsiI3MPGLInorauHFEh9/Cl6UHNf+kt/J1jfoxKY/ZJaKAoDpbvde5Q==

"@types/d3-random@*":
  version "1.1.2"
  resolved "https://registry.yarnpkg.com/@types/d3-random/-/d3-random-1.1.2.tgz#6f77e8b7bb64ac393f92d33fe8f71038bc4f3cde"
  integrity sha512-Jui+Zn28pQw/3EayPKaN4c/PqTvqNbIPjHkgIIFnxne1FdwNjfHtAIsZIBMKlquQNrrMjFzCrlF2gPs3xckqaA==

"@types/d3-scale-chromatic@*":
  version "1.3.1"
  resolved "https://registry.yarnpkg.com/@types/d3-scale-chromatic/-/d3-scale-chromatic-1.3.1.tgz#a294ae688634027870f0307bf8802f863aa2ddb3"
  integrity sha512-Ny3rLbV5tnmqgW7w/poCcef4kXP8mHPo/p8EjTS5d9OUk8MlqAeRaM8eF7Vyv7QMLiIXNE94Pa1cMLSPkXQBoQ==

"@types/d3-scale@*":
  version "2.1.1"
  resolved "https://registry.yarnpkg.com/@types/d3-scale/-/d3-scale-2.1.1.tgz#405e58771ec6ae7b8f7b4178ee1887620759e8f7"
  integrity sha512-kNTkbZQ+N/Ip8oX9PByXfDLoCSaZYm+VUOasbmsa6KD850/ziMdYepg/8kLg2plHzoLANdMqPoYQbvExevLUHg==
  dependencies:
    "@types/d3-time" "*"

"@types/d3-selection@*":
  version "1.4.1"
  resolved "https://registry.yarnpkg.com/@types/d3-selection/-/d3-selection-1.4.1.tgz#fa1f8710a6b5d7cfe5c6caa61d161be7cae4a022"
  integrity sha512-bv8IfFYo/xG6dxri9OwDnK3yCagYPeRIjTlrcdYJSx+FDWlCeBDepIHUpqROmhPtZ53jyna0aUajZRk0I3rXNA==

"@types/d3-shape@*":
  version "1.3.1"
  resolved "https://registry.yarnpkg.com/@types/d3-shape/-/d3-shape-1.3.1.tgz#1b4f92b7efd7306fe2474dc6ee94c0f0ed2e6ab6"
  integrity sha512-usqdvUvPJ7AJNwpd2drOzRKs1ELie53p2m2GnPKr076/ADM579jVTJ5dPsoZ5E/CMNWk8lvPWYQSvilpp6jjwg==
  dependencies:
    "@types/d3-path" "*"

"@types/d3-time-format@*":
  version "2.1.1"
  resolved "https://registry.yarnpkg.com/@types/d3-time-format/-/d3-time-format-2.1.1.tgz#dd2c79ec4575f1355484ab6b10407824668eba42"
  integrity sha512-tJSyXta8ZyJ52wDDHA96JEsvkbL6jl7wowGmuf45+fAkj5Y+SQOnz0N7/H68OWmPshPsAaWMQh+GAws44IzH3g==

"@types/d3-time@*":
  version "1.0.10"
  resolved "https://registry.yarnpkg.com/@types/d3-time/-/d3-time-1.0.10.tgz#d338c7feac93a98a32aac875d1100f92c7b61f4f"
  integrity sha512-aKf62rRQafDQmSiv1NylKhIMmznsjRN+MnXRXTqHoqm0U/UZzVpdrtRnSIfdiLS616OuC1soYeX1dBg2n1u8Xw==

"@types/d3-timer@*":
  version "1.0.9"
  resolved "https://registry.yarnpkg.com/@types/d3-timer/-/d3-timer-1.0.9.tgz#aed1bde0cf18920d33f5d44839d73de393633fd3"
  integrity sha512-WvfJ3LFxBbWjqRGz9n7GJt08RrTHPJDVsIwwoCMROlqF+iDacYiAFjf9oqnq0mXpb2juA2N/qjKP+MKdal3YNQ==

"@types/d3-transition@*":
  version "1.1.4"
  resolved "https://registry.yarnpkg.com/@types/d3-transition/-/d3-transition-1.1.4.tgz#3c7a35ae9acfc59dfef1eb7308ebabf0fc0680de"
  integrity sha512-/vsmKVUIXEyCcIXYAlw7bnYkIs9/J/nZbptRJFKUN3FdXq/dF6j9z9xXzerkyU6TDHLrMrwx9eGwdKyTIy/j9w==
  dependencies:
    "@types/d3-selection" "*"

"@types/d3-voronoi@*":
  version "1.1.9"
  resolved "https://registry.yarnpkg.com/@types/d3-voronoi/-/d3-voronoi-1.1.9.tgz#7bbc210818a3a5c5e0bafb051420df206617c9e5"
  integrity sha512-DExNQkaHd1F3dFPvGA/Aw2NGyjMln6E9QzsiqOcBgnE+VInYnFBHBBySbZQts6z6xD+5jTfKCP7M4OqMyVjdwQ==

"@types/d3-zoom@*":
  version "1.7.4"
  resolved "https://registry.yarnpkg.com/@types/d3-zoom/-/d3-zoom-1.7.4.tgz#9226ffd2bd3846ec0e4a4e2bff211612d3aafad5"
  integrity sha512-5jnFo/itYhJeB2khO/lKe730kW/h2EbKMOvY0uNp3+7NdPm4w63DwPEMxifQZ7n902xGYK5DdU67FmToSoy4VA==
  dependencies:
    "@types/d3-interpolate" "*"
    "@types/d3-selection" "*"

"@types/d3@^5.7.2":
  version "5.7.2"
  resolved "https://registry.yarnpkg.com/@types/d3/-/d3-5.7.2.tgz#52235eb71a1d3ca171d6dca52a58f5ccbe0254cc"
  integrity sha512-7/wClB8ycneWGy3jdvLfXKTd5SoTg9hji7IdJ0RuO9xTY54YpJ8zlcFADcXhY1J3kCBwxp+/1jeN6a5OMwgYOw==
  dependencies:
    "@types/d3-array" "^1"
    "@types/d3-axis" "*"
    "@types/d3-brush" "*"
    "@types/d3-chord" "*"
    "@types/d3-collection" "*"
    "@types/d3-color" "*"
    "@types/d3-contour" "*"
    "@types/d3-dispatch" "*"
    "@types/d3-drag" "*"
    "@types/d3-dsv" "*"
    "@types/d3-ease" "*"
    "@types/d3-fetch" "*"
    "@types/d3-force" "*"
    "@types/d3-format" "*"
    "@types/d3-geo" "*"
    "@types/d3-hierarchy" "*"
    "@types/d3-interpolate" "*"
    "@types/d3-path" "*"
    "@types/d3-polygon" "*"
    "@types/d3-quadtree" "*"
    "@types/d3-random" "*"
    "@types/d3-scale" "*"
    "@types/d3-scale-chromatic" "*"
    "@types/d3-selection" "*"
    "@types/d3-shape" "*"
    "@types/d3-time" "*"
    "@types/d3-time-format" "*"
    "@types/d3-timer" "*"
    "@types/d3-transition" "*"
    "@types/d3-voronoi" "*"
    "@types/d3-zoom" "*"

"@types/geojson@*":
  version "7946.0.7"
  resolved "https://registry.yarnpkg.com/@types/geojson/-/geojson-7946.0.7.tgz#c8fa532b60a0042219cdf173ca21a975ef0666ad"
  integrity sha512-wE2v81i4C4Ol09RtsWFAqg3BUitWbHSpSlIo+bNdsCJijO9sjme+zm+73ZMCa/qMC8UEERxzGbvmr1cffo2SiQ==

"@types/topojson-client@*":
  version "3.0.0"
  resolved "https://registry.yarnpkg.com/@types/topojson-client/-/topojson-client-3.0.0.tgz#2517fae5abbdd3052eb191747c7d0bc268d69918"
  integrity sha512-HZH6E8XMhjkDEkkpe3HuIg95COuvjdnyy0EKrh8rAi1f6o/V6P3ly1kGyU2E8bpAffXDd2r+Rk5ceMX4XkqHnA==
  dependencies:
    "@types/geojson" "*"
    "@types/topojson-specification" "*"

"@types/topojson-server@*":
  version "3.0.0"
  resolved "https://registry.yarnpkg.com/@types/topojson-server/-/topojson-server-3.0.0.tgz#b668fc808831763320db8f3b339ee168c2e2e5dc"
  integrity sha512-OdIgHf+9hbEOdrZEoIaE6staRbCyssznjtggIySUqvWOk9xWK0lodLnn7ks3l8H+wgMTgelEXqyBmAtlyn0fvA==
  dependencies:
    "@types/geojson" "*"
    "@types/topojson-specification" "*"

"@types/topojson-simplify@*":
  version "3.0.0"
  resolved "https://registry.yarnpkg.com/@types/topojson-simplify/-/topojson-simplify-3.0.0.tgz#54ad7e2f172c662c07ad390e5cf965c147093e65"
  integrity sha512-hfrvjZ/KbdAFBgJzdPfkixHgMNbhRvvFSCIOga1rAeluksFV9sSTWx+N4vZymqcfz1J+yMZfP2SCRt+/DHsJCQ==
  dependencies:
    "@types/geojson" "*"
    "@types/topojson-specification" "*"

"@types/topojson-specification@*":
  version "1.0.1"
  resolved "https://registry.yarnpkg.com/@types/topojson-specification/-/topojson-specification-1.0.1.tgz#a80cb294290b79f2d674d3f5938c544ed2bd9d80"
  integrity sha512-ZZYZUgkmUls9Uhxx2WZNt9f/h2+H3abUUjOVmq+AaaDFckC5oAwd+MDp95kBirk+XCXrYj0hfpI6DSUiJMrpYQ==
  dependencies:
    "@types/geojson" "*"

"@types/topojson@^3.2.2":
  version "3.2.2"
  resolved "https://registry.yarnpkg.com/@types/topojson/-/topojson-3.2.2.tgz#96136313ba6a1df3df8931b722400828e027ee94"
  integrity sha512-CwIJKe3YmNZ4oMcjJ//+8IXe6YA+znX6DXe0alCEoMoiWEM97QfjuP9BhPdvSU4pa0ZgghYJYtKcTprZhJm7Kw==
  dependencies:
    "@types/geojson" "*"
    "@types/topojson-client" "*"
    "@types/topojson-server" "*"
    "@types/topojson-simplify" "*"
    "@types/topojson-specification" "*"

canvas-toBlob@^1.0.0:
  version "1.0.0"
  resolved "https://registry.yarnpkg.com/canvas-toBlob/-/canvas-toBlob-1.0.0.tgz#9bf32b286bb4e125218b208eecc8321fd033e6c3"
  integrity sha1-m/MrKGu04SUhiyCO7MgyH9Az5sM=

canvg-browser@^1.0.0:
  version "1.0.0"
  resolved "https://registry.yarnpkg.com/canvg-browser/-/canvg-browser-1.0.0.tgz#c63cb5a9e7a0c70698a9c87783473e60915ea483"
  integrity sha1-xjy1qeegxwaYqch3g0c+YJFepIM=
  dependencies:
    rgbcolor "0.0.4"
    stackblur "^1.0.0"
    xmldom "^0.1.22"

commander@2:
  version "2.20.0"
  resolved "https://registry.yarnpkg.com/commander/-/commander-2.20.0.tgz#d58bb2b5c1ee8f87b0d340027e9e94e222c5a422"
  integrity sha512-7j2y+40w61zy6YC2iRNpUe/NwhNyoXrYpHMrSunaMG64nRnaf96zO/KMQR4OyN/UnE5KLyEBnKHd4aG3rskjpQ==

d3-array@1, d3-array@^1.1.1, d3-array@^1.2.0, d3-array@^1.2.1, d3-array@^1.2.4:
  version "1.2.4"
  resolved "https://registry.yarnpkg.com/d3-array/-/d3-array-1.2.4.tgz#635ce4d5eea759f6f605863dbcfc30edc737f71f"
  integrity sha512-KHW6M86R+FUPYGb3R5XiYjXPq7VzwxZ22buHhAEVG5ztoEcZZMLov530mmccaqA1GghZArjQV46fuc8kUqhhHw==

d3-axis@1:
  version "1.0.12"
  resolved "https://registry.yarnpkg.com/d3-axis/-/d3-axis-1.0.12.tgz#cdf20ba210cfbb43795af33756886fb3638daac9"
  integrity sha512-ejINPfPSNdGFKEOAtnBtdkpr24c4d4jsei6Lg98mxf424ivoDP2956/5HDpIAtmHo85lqT4pruy+zEgvRUBqaQ==

d3-brush@1, d3-brush@^1.0.6:
  version "1.1.2"
  resolved "https://registry.yarnpkg.com/d3-brush/-/d3-brush-1.1.2.tgz#1d45941457d6903a1924f5c56c60363fed0e7bc9"
  integrity sha512-0cQBYrlKqLevZZaRE5Hh3W5FGp3c9gvUyJZm3B0Z3iAM3aSkEXt7F+4+vYyJoaL6vEipVM511rMqO3lD6ShyRA==
  dependencies:
    d3-dispatch "1"
    d3-drag "1"
    d3-interpolate "1"
    d3-selection "1"
    d3-transition "1"

d3-chord@1:
  version "1.0.6"
  resolved "https://registry.yarnpkg.com/d3-chord/-/d3-chord-1.0.6.tgz#309157e3f2db2c752f0280fedd35f2067ccbb15f"
  integrity sha512-JXA2Dro1Fxw9rJe33Uv+Ckr5IrAa74TlfDEhE/jfLOaXegMQFQTAgAw9WnZL8+HxVBRXaRGCkrNU7pJeylRIuA==
  dependencies:
    d3-array "1"
    d3-path "1"

d3-collection@1, d3-collection@^1.0.7:
  version "1.0.7"
  resolved "https://registry.yarnpkg.com/d3-collection/-/d3-collection-1.0.7.tgz#349bd2aa9977db071091c13144d5e4f16b5b310e"
  integrity sha512-ii0/r5f4sjKNTfh84Di+DpztYwqKhEyUlKoPrzUFfeSkWxjW49xU2QzO9qrPrNkpdI0XJkfzvmTu8V2Zylln6A==

d3-color@1, d3-color@^1.2.8:
  version "1.3.0"
  resolved "https://registry.yarnpkg.com/d3-color/-/d3-color-1.3.0.tgz#675818359074215b020dc1d41d518136dcb18fa9"
  integrity sha512-NHODMBlj59xPAwl2BDiO2Mog6V+PrGRtBfWKqKRrs9MCqlSkIEb0Z/SfY7jW29ReHTDC/j+vwXhnZcXI3+3fbg==

d3-contour@1:
  version "1.3.2"
  resolved "https://registry.yarnpkg.com/d3-contour/-/d3-contour-1.3.2.tgz#652aacd500d2264cb3423cee10db69f6f59bead3"
  integrity sha512-hoPp4K/rJCu0ladiH6zmJUEz6+u3lgR+GSm/QdM2BBvDraU39Vr7YdDCicJcxP1z8i9B/2dJLgDC1NcvlF8WCg==
  dependencies:
    d3-array "^1.1.1"

d3-dispatch@1:
  version "1.0.5"
  resolved "https://registry.yarnpkg.com/d3-dispatch/-/d3-dispatch-1.0.5.tgz#e25c10a186517cd6c82dd19ea018f07e01e39015"
  integrity sha512-vwKx+lAqB1UuCeklr6Jh1bvC4SZgbSqbkGBLClItFBIYH4vqDJCA7qfoy14lXmJdnBOdxndAMxjCbImJYW7e6g==

d3-drag@1:
  version "1.2.4"
  resolved "https://registry.yarnpkg.com/d3-drag/-/d3-drag-1.2.4.tgz#ba9331d68158ad14cf0b4b28a8afa9e78c7d99ad"
  integrity sha512-ICPurDETFAelF1CTHdIyiUM4PsyZLaM+7oIBhmyP+cuVjze5vDZ8V//LdOFjg0jGnFIZD/Sfmk0r95PSiu78rw==
  dependencies:
    d3-dispatch "1"
    d3-selection "1"

d3-dsv@1:
  version "1.1.1"
  resolved "https://registry.yarnpkg.com/d3-dsv/-/d3-dsv-1.1.1.tgz#aaa830ecb76c4b5015572c647cc6441e3c7bb701"
  integrity sha512-1EH1oRGSkeDUlDRbhsFytAXU6cAmXFzc52YUe6MRlPClmWb85MP1J5x+YJRzya4ynZWnbELdSAvATFW/MbxaXw==
  dependencies:
    commander "2"
    iconv-lite "0.4"
    rw "1"

d3-ease@1:
  version "1.0.5"
  resolved "https://registry.yarnpkg.com/d3-ease/-/d3-ease-1.0.5.tgz#8ce59276d81241b1b72042d6af2d40e76d936ffb"
  integrity sha512-Ct1O//ly5y5lFM9YTdu+ygq7LleSgSE4oj7vUt9tPLHUi8VCV7QoizGpdWRWAwCO9LdYzIrQDg97+hGVdsSGPQ==

d3-fetch@1:
  version "1.1.2"
  resolved "https://registry.yarnpkg.com/d3-fetch/-/d3-fetch-1.1.2.tgz#957c8fbc6d4480599ba191b1b2518bf86b3e1be2"
  integrity sha512-S2loaQCV/ZeyTyIF2oP8D1K9Z4QizUzW7cWeAOAS4U88qOt3Ucf6GsmgthuYSdyB2HyEm4CeGvkQxWsmInsIVA==
  dependencies:
    d3-dsv "1"

d3-force@1, d3-force@^1.2.1:
  version "1.2.1"
  resolved "https://registry.yarnpkg.com/d3-force/-/d3-force-1.2.1.tgz#fd29a5d1ff181c9e7f0669e4bd72bdb0e914ec0b"
  integrity sha512-HHvehyaiUlVo5CxBJ0yF/xny4xoaxFxDnBXNvNcfW9adORGZfyNF1dj6DGLKyk4Yh3brP/1h3rnDzdIAwL08zg==
  dependencies:
    d3-collection "1"
    d3-dispatch "1"
    d3-quadtree "1"
    d3-timer "1"

d3-format@1, d3-format@^1.3.2:
  version "1.3.2"
  resolved "https://registry.yarnpkg.com/d3-format/-/d3-format-1.3.2.tgz#6a96b5e31bcb98122a30863f7d92365c00603562"
  integrity sha512-Z18Dprj96ExragQ0DeGi+SYPQ7pPfRMtUXtsg/ChVIKNBCzjO8XYJvRTC1usblx52lqge56V5ect+frYTQc8WQ==

d3-geo@1, d3-geo@^1.11.6:
  version "1.11.6"
  resolved "https://registry.yarnpkg.com/d3-geo/-/d3-geo-1.11.6.tgz#134f2ef035ff75a448075fafdea92702a2e0e0cf"
  integrity sha512-z0J8InXR9e9wcgNtmVnPTj0TU8nhYT6lD/ak9may2PdKqXIeHUr8UbFLoCtrPYNsjv6YaLvSDQVl578k6nm7GA==
  dependencies:
    d3-array "1"

d3-hierarchy@1, d3-hierarchy@^1.1.8:
  version "1.1.8"
  resolved "https://registry.yarnpkg.com/d3-hierarchy/-/d3-hierarchy-1.1.8.tgz#7a6317bd3ed24e324641b6f1e76e978836b008cc"
  integrity sha512-L+GHMSZNwTpiq4rt9GEsNcpLa4M96lXMR8M/nMG9p5hBE0jy6C+3hWtyZMenPQdwla249iJy7Nx0uKt3n+u9+w==

d3-interpolate-path@^2.1.0:
  version "2.1.0"
  resolved "https://registry.yarnpkg.com/d3-interpolate-path/-/d3-interpolate-path-2.1.0.tgz#310a47b095e18d9c66ec63a4f27e0f829ff74c5a"
  integrity sha512-x5+CbxMnGTgPq+HSzcQNZbiJAjhNvEied2P0rETfGN4V4VpBR+b84ust2HUgHzdrpfwbXtR396v3z/FwWplSfA==
  dependencies:
    d3-interpolate "^1.1.1"

d3-interpolate@1, d3-interpolate@^1.1.1:
  version "1.3.2"
  resolved "https://registry.yarnpkg.com/d3-interpolate/-/d3-interpolate-1.3.2.tgz#417d3ebdeb4bc4efcc8fd4361c55e4040211fd68"
  integrity sha512-NlNKGopqaz9qM1PXh9gBF1KSCVh+jSFErrSlD/4hybwoNX/gt1d8CDbDW+3i+5UOHhjC6s6nMvRxcuoMVNgL2w==
  dependencies:
    d3-color "1"

d3-path@1:
  version "1.0.8"
  resolved "https://registry.yarnpkg.com/d3-path/-/d3-path-1.0.8.tgz#4a0606a794d104513ec4a8af43525f374b278719"
  integrity sha512-J6EfUNwcMQ+aM5YPOB8ZbgAZu6wc82f/0WFxrxwV6Ll8wBwLaHLKCqQ5Imub02JriCVVdPjgI+6P3a4EWJCxAg==

d3-polygon@1, d3-polygon@^1.0.5:
  version "1.0.5"
  resolved "https://registry.yarnpkg.com/d3-polygon/-/d3-polygon-1.0.5.tgz#9a645a0a64ff6cbf9efda96ee0b4a6909184c363"
  integrity sha512-RHhh1ZUJZfhgoqzWWuRhzQJvO7LavchhitSTHGu9oj6uuLFzYZVeBzaWTQ2qSO6bz2w55RMoOCf0MsLCDB6e0w==

d3-quadtree@1:
  version "1.0.6"
  resolved "https://registry.yarnpkg.com/d3-quadtree/-/d3-quadtree-1.0.6.tgz#d1ab2a95a7f27bbde88582c94166f6ae35f32056"
  integrity sha512-NUgeo9G+ENQCQ1LsRr2qJg3MQ4DJvxcDNCiohdJGHt5gRhBW6orIB5m5FJ9kK3HNL8g9F4ERVoBzcEwQBfXWVA==

d3-queue@^3.0.7:
  version "3.0.7"
  resolved "https://registry.yarnpkg.com/d3-queue/-/d3-queue-3.0.7.tgz#c93a2e54b417c0959129d7d73f6cf7d4292e7618"
  integrity sha1-yTouVLQXwJWRKdfXP2z31Ckudhg=

d3-random@1:
  version "1.1.2"
  resolved "https://registry.yarnpkg.com/d3-random/-/d3-random-1.1.2.tgz#2833be7c124360bf9e2d3fd4f33847cfe6cab291"
  integrity sha512-6AK5BNpIFqP+cx/sreKzNjWbwZQCSUatxq+pPRmFIQaWuoD+NrbVWw7YWpHiXpCQ/NanKdtGDuB+VQcZDaEmYQ==

d3-request@^1.0.6:
  version "1.0.6"
  resolved "https://registry.yarnpkg.com/d3-request/-/d3-request-1.0.6.tgz#a1044a9ef4ec28c824171c9379fae6d79474b19f"
  integrity sha512-FJj8ySY6GYuAJHZMaCQ83xEYE4KbkPkmxZ3Hu6zA1xxG2GD+z6P+Lyp+zjdsHf0xEbp2xcluDI50rCS855EQ6w==
  dependencies:
    d3-collection "1"
    d3-dispatch "1"
    d3-dsv "1"
    xmlhttprequest "1"

d3-sankey@^0.7.1:
  version "0.7.1"
  resolved "https://registry.yarnpkg.com/d3-sankey/-/d3-sankey-0.7.1.tgz#d229832268fc69a7fec84803e96c2256a614c521"
  integrity sha1-0imDImj8aaf+yEgD6WwiVqYUxSE=
  dependencies:
    d3-array "1"
    d3-collection "1"
    d3-shape "^1.2.0"

d3-scale-chromatic@1:
  version "1.4.0"
  resolved "https://registry.yarnpkg.com/d3-scale-chromatic/-/d3-scale-chromatic-1.4.0.tgz#f5b945edb5be8285b8bb76ad171f39ef479afcde"
  integrity sha512-0vyEt8ZqhdgzC+IvdkJZL7fc3k7UZyJvMxR3zvU312z/HilJ0N+WSY3099jAxdfhe99ak9VhcK1ChDVVGc8Q0Q==
  dependencies:
    d3-color "1"
    d3-interpolate "1"

d3-scale@2, d3-scale@^2.0.0, d3-scale@^2.1.2, d3-scale@^2.2.2:
  version "2.2.2"
  resolved "https://registry.yarnpkg.com/d3-scale/-/d3-scale-2.2.2.tgz#4e880e0b2745acaaddd3ede26a9e908a9e17b81f"
  integrity sha512-LbeEvGgIb8UMcAa0EATLNX0lelKWGYDQiPdHj+gLblGVhGLyNbaCn3EvrJf0A3Y/uOOU5aD6MTh5ZFCdEwGiCw==
  dependencies:
    d3-array "^1.2.0"
    d3-collection "1"
    d3-format "1"
    d3-interpolate "1"
    d3-time "1"
    d3-time-format "2"

d3-selection@1, d3-selection@^1.1.0, d3-selection@^1.3.0, d3-selection@^1.3.2, d3-selection@^1.4.0:
  version "1.4.0"
  resolved "https://registry.yarnpkg.com/d3-selection/-/d3-selection-1.4.0.tgz#ab9ac1e664cf967ebf1b479cc07e28ce9908c474"
  integrity sha512-EYVwBxQGEjLCKF2pJ4+yrErskDnz5v403qvAid96cNdCMr8rmCYfY5RGzWz24mdIbxmDf6/4EAH+K9xperD5jg==

d3-shape@1, d3-shape@^1.2.0, d3-shape@^1.3.5:
  version "1.3.5"
  resolved "https://registry.yarnpkg.com/d3-shape/-/d3-shape-1.3.5.tgz#e81aea5940f59f0a79cfccac012232a8987c6033"
  integrity sha512-VKazVR3phgD+MUCldapHD7P9kcrvPcexeX/PkMJmkUov4JM8IxsSg1DvbYoYich9AtdTsa5nNk2++ImPiDiSxg==
  dependencies:
    d3-path "1"

d3-tile@0.0.4:
  version "0.0.4"
  resolved "https://registry.yarnpkg.com/d3-tile/-/d3-tile-0.0.4.tgz#2d5f8dec207bf3e9fdc38fc74e45d7c3ab3aa808"
  integrity sha1-LV+N7CB78+n9w4/HTkXXw6s6qAg=
  dependencies:
    d3-array "1"

d3-time-format@2:
  version "2.1.3"
  resolved "https://registry.yarnpkg.com/d3-time-format/-/d3-time-format-2.1.3.tgz#ae06f8e0126a9d60d6364eac5b1533ae1bac826b"
  integrity sha512-6k0a2rZryzGm5Ihx+aFMuO1GgelgIz+7HhB4PH4OEndD5q2zGn1mDfRdNrulspOfR6JXkb2sThhDK41CSK85QA==
  dependencies:
    d3-time "1"

d3-time@1:
  version "1.0.11"
  resolved "https://registry.yarnpkg.com/d3-time/-/d3-time-1.0.11.tgz#1d831a3e25cd189eb256c17770a666368762bbce"
  integrity sha512-Z3wpvhPLW4vEScGeIMUckDW7+3hWKOQfAWg/U7PlWBnQmeKQ00gCUsTtWSYulrKNA7ta8hJ+xXc6MHrMuITwEw==

d3-timer@1:
  version "1.0.9"
  resolved "https://registry.yarnpkg.com/d3-timer/-/d3-timer-1.0.9.tgz#f7bb8c0d597d792ff7131e1c24a36dd471a471ba"
  integrity sha512-rT34J5HnQUHhcLvhSB9GjCkN0Ddd5Y8nCwDBG2u6wQEeYxT/Lf51fTFFkldeib/sE/J0clIe0pnCfs6g/lRbyg==

d3-transition@1, d3-transition@^1.1.3, d3-transition@^1.2.0:
  version "1.2.0"
  resolved "https://registry.yarnpkg.com/d3-transition/-/d3-transition-1.2.0.tgz#f538c0e21b2aa1f05f3e965f8567e81284b3b2b8"
  integrity sha512-VJ7cmX/FPIPJYuaL2r1o1EMHLttvoIuZhhuAlRoOxDzogV8iQS6jYulDm3xEU3TqL80IZIhI551/ebmCMrkvhw==
  dependencies:
    d3-color "1"
    d3-dispatch "1"
    d3-ease "1"
    d3-interpolate "1"
    d3-selection "^1.1.0"
    d3-timer "1"

d3-voronoi@1:
  version "1.1.4"
  resolved "https://registry.yarnpkg.com/d3-voronoi/-/d3-voronoi-1.1.4.tgz#dd3c78d7653d2bb359284ae478645d95944c8297"
  integrity sha512-dArJ32hchFsrQ8uMiTBLq256MpnZjeuBtdHpaDlYuQyjU0CVzCJl/BVW+SkszaAeH95D/8gxqAhgx0ouAWAfRg==

d3-zoom@1, d3-zoom@^1.7.3:
  version "1.8.1"
  resolved "https://registry.yarnpkg.com/d3-zoom/-/d3-zoom-1.8.1.tgz#0ea124cbcbf6ff12321bd1d40ce8711cb728b1a0"
  integrity sha512-Hu/Qby9myl9FLHBJtrzaPYLeB2vgHMkAl6aSgkPvH9cwOEkcNKJKaF4TV5QTNrqa1F9VfMQ002cg25fEh+ZotA==
  dependencies:
    d3-dispatch "1"
    d3-drag "1"
    d3-interpolate "1"
    d3-selection "1"
    d3-transition "1"

d3@^5.9.7:
  version "5.9.7"
  resolved "https://registry.yarnpkg.com/d3/-/d3-5.9.7.tgz#f3835648a172b438e89ed57eb6c525bdabdcd7dc"
  integrity sha512-jENytrmdXtGPw7HuSK2S4gxRM1eUGjKvWQkQ6ct4yK+DB8SG3VcnVrwesfnsv8rIcxMUg18TafT4Q8mOZUMP4Q==
  dependencies:
    d3-array "1"
    d3-axis "1"
    d3-brush "1"
    d3-chord "1"
    d3-collection "1"
    d3-color "1"
    d3-contour "1"
    d3-dispatch "1"
    d3-drag "1"
    d3-dsv "1"
    d3-ease "1"
    d3-fetch "1"
    d3-force "1"
    d3-format "1"
    d3-geo "1"
    d3-hierarchy "1"
    d3-interpolate "1"
    d3-path "1"
    d3-polygon "1"
    d3-quadtree "1"
    d3-random "1"
    d3-scale "2"
    d3-scale-chromatic "1"
    d3-selection "1"
    d3-shape "1"
    d3-time "1"
    d3-time-format "2"
    d3-timer "1"
    d3-transition "1"
    d3-voronoi "1"
    d3-zoom "1"

d3plus-axis@^0.4.10, d3plus-axis@^0.4.11, d3plus-axis@^0.4.16:
  version "0.4.16"
  resolved "https://registry.yarnpkg.com/d3plus-axis/-/d3plus-axis-0.4.16.tgz#85ac42f647de3bfa856284d569f501fadea5c1fb"
  integrity sha512-EAU8p0Rt0cbOBLsoOoSlB1KN4rhvAKbHLLnryTeVVDbPcsxX+EkXRSKxQqAihR9lCkzXXkwvx5Yn/IZF6vjRLw==
  dependencies:
    d3-array "^1.2.4"
    d3-scale "^2.1.2"
    d3-selection "^1.3.2"
    d3-transition "^1.1.3"
    d3plus-common "^0.6.54"
    d3plus-format "^0.1.13"
    d3plus-shape "^0.16.10"
    d3plus-text "^0.9.48"

d3plus-color@^0.6.6:
  version "0.6.6"
  resolved "https://registry.yarnpkg.com/d3plus-color/-/d3plus-color-0.6.6.tgz#cad0475a073d2113a85426f3111da9ebc5912998"
  integrity sha512-xNKd0G/8FB/t0VDLyOVRW+MTp2TCU8EE3saqW6efvI0d8dz7p+lU1UhD5HXy/RZF0CYwLOe8nY5KExrL2PiNYA==
  dependencies:
    d3-color "^1.2.8"
    d3-scale "^2.2.2"
    d3plus-common "^0.6.51"

d3plus-common@^0.6.51, d3plus-common@^0.6.52, d3plus-common@^0.6.54, d3plus-common@^0.6.55:
  version "0.6.55"
  resolved "https://registry.yarnpkg.com/d3plus-common/-/d3plus-common-0.6.55.tgz#53f77bb8f19727f6a19b0e69269037b73ba0ae4f"
  integrity sha512-JcwBg2xD0TGX94hnnk6JIlt97zjGWKQ0QUtgJDWoy3zdDiwqonoz0WcFT/wuMTb6XMiUaspFYdAYWjbuqZbqyA==
  dependencies:
    d3-array "^1.2.4"
    d3-collection "^1.0.7"
    d3-selection "^1.4.0"
    d3-transition "^1.2.0"
    iso639-codes "^1.0.1"
    windows-locale "^1.0.1"

d3plus-export@^0.3.16:
  version "0.3.16"
  resolved "https://registry.yarnpkg.com/d3plus-export/-/d3plus-export-0.3.16.tgz#bc45f28a01b3b7c079295973f103f2b06691e4c1"
  integrity sha512-FRXIGTp+1VPJ93KRN+bGK0/vnpfiYE321uhs5m5Va54ChfEoGrX8RoiQ72qMFZk1eq3GkItk6vZUyL2NTethnA==
  dependencies:
    canvas-toBlob "^1.0.0"
    canvg-browser "^1.0.0"
    d3-selection "^1.4.0"
    file-saver "1.3.3"
    html2canvas "^0.5.0-beta4"

d3plus-form@^0.2.8:
  version "0.2.8"
  resolved "https://registry.yarnpkg.com/d3plus-form/-/d3plus-form-0.2.8.tgz#73f0c9f7d30d36e4f089314bd11a5d1f3c23fc73"
  integrity sha512-yQK3tT2RBD2WVMr/Se3GLE4jH/iEdYSbuJd0sluGPSTn2MuJ2dYYUt6QbrjGokR0tHpltdTw+bN1NmOIw6vvTw==
  dependencies:
    d3-selection "^1.4.0"
    d3plus-common "^0.6.51"

d3plus-format@^0.1.13:
  version "0.1.13"
  resolved "https://registry.yarnpkg.com/d3plus-format/-/d3plus-format-0.1.13.tgz#22db8a20ad3c684f8609d97434b46b0f7040228d"
  integrity sha512-3mKgCPp86vFgkef7fob/WTIvZlUXScHnU9VGSOQP8Nh/jy7irv2r0ZZfX8Jv0x2BB8T51q4TMkVFP/yiyisoVA==
  dependencies:
    d3-format "^1.3.2"

d3plus-geomap@^0.6.4:
  version "0.6.5"
  resolved "https://registry.yarnpkg.com/d3plus-geomap/-/d3plus-geomap-0.6.5.tgz#dfc51de958f9adb433ee831b445fa84a25fa3296"
  integrity sha512-UAbsdTQMGJjWxWJh+LnYDe4+XyLDbbLoVVo4aVaahKN65AIfE9uqnrxfb3YcSvH7gPkdrYR1+By86f3liUzQEg==
  dependencies:
    d3-array "^1.2.4"
    d3-color "^1.2.8"
    d3-geo "^1.11.6"
    d3-scale "^2.1.2"
    d3-selection "^1.4.0"
    d3-tile "0.0.4"
    d3plus-common "^0.6.51"
    d3plus-shape "^0.16.10"
    d3plus-viz "^0.12.35"
    topojson-client "^3.0.0"

d3plus-hierarchy@^0.8.7:
  version "0.8.8"
  resolved "https://registry.yarnpkg.com/d3plus-hierarchy/-/d3plus-hierarchy-0.8.8.tgz#e23f7eaca3999b81d5ad6e257704d1bf8b83dbf6"
  integrity sha512-Q6V81KnpNNVkxdPdtUQ1OQiWV+prEeRsfPrmrCH8XSKb9103nVFPcPkUochu3WDvQZxbncGiAk656zR8UDFhXA==
  dependencies:
    d3-array "^1.2.4"
    d3-collection "^1.0.7"
    d3-hierarchy "^1.1.8"
    d3-scale "^2.2.2"
    d3-shape "^1.3.5"
    d3plus-common "^0.6.52"
    d3plus-shape "^0.16.10"
    d3plus-viz "^0.12.36"

d3plus-legend@^0.8.24:
  version "0.8.24"
  resolved "https://registry.yarnpkg.com/d3plus-legend/-/d3plus-legend-0.8.24.tgz#2085e736007a799025e1266c72892e189d225da3"
  integrity sha512-1BMPr+LL+WZV3mKfSWGwFles69FpCl+yqv2Fxc2erAm0uCcCImb+IEI1iufstTZj8NnxnCOGhgHNJ2sD4PyWcA==
  dependencies:
    d3-array "^1.2.1"
    d3-scale "^2.0.0"
    d3-selection "^1.3.0"
    d3plus-axis "^0.4.11"
    d3plus-color "^0.6.6"
    d3plus-common "^0.6.51"
    d3plus-shape "^0.16.10"
    d3plus-text "^0.9.45"

d3plus-network@^0.5.8:
  version "0.5.9"
  resolved "https://registry.yarnpkg.com/d3plus-network/-/d3plus-network-0.5.9.tgz#cafe7d2ec4c27523656cd8c71ac61a8b466b8dd0"
  integrity sha512-MEGzVd4WGk1NOb3ErSG9uYONNMG8zdSZBE3lr9VOQ3mbRwis3llIsAANSM5jHj8ZbWN3hZoLnZ2BmPeMV+RS3A==
  dependencies:
    d3-array "^1.2.4"
    d3-force "^1.2.1"
    d3-sankey "^0.7.1"
    d3-scale "^2.1.2"
    d3plus-common "^0.6.52"
    d3plus-shape "^0.16.10"
    d3plus-viz "^0.12.36"

d3plus-plot@^0.8.14:
  version "0.8.21"
  resolved "https://registry.yarnpkg.com/d3plus-plot/-/d3plus-plot-0.8.21.tgz#5489a96f22c6e442559b3487434a5319927ca82b"
  integrity sha512-AzWfkJFJky8FLnR9d6pirvfKRfHeEFTa4kH+MOeCLWDUDcwrr1/tUYhyjJQQbS1Z11UthF/4VIh97o6BgVN09A==
  dependencies:
    d3-array "^1.2.4"
    d3-collection "^1.0.7"
    d3-scale "^2.1.2"
    d3-selection "^1.3.2"
    d3-shape "^1.3.5"
    d3plus-axis "^0.4.16"
    d3plus-color "^0.6.6"
    d3plus-common "^0.6.55"
    d3plus-shape "^0.16.10"
    d3plus-viz "^0.12.37"

d3plus-priestley@^0.3.4:
  version "0.3.4"
  resolved "https://registry.yarnpkg.com/d3plus-priestley/-/d3plus-priestley-0.3.4.tgz#af1e91f18e02ebe8a7d54bc448ee7bca8e259373"
  integrity sha512-O0wE+FmYUIXJl7wNyscVrtypMhvhLefnXSs75nQJTKwf4c//KQnyqDg8Q1PcG76oQBe/VkPS8F917qLb90j5Yg==
  dependencies:
    d3-array "^1.2.4"
    d3-collection "^1.0.7"
    d3-scale "^2.1.2"
    d3plus-axis "^0.4.10"
    d3plus-common "^0.6.51"
    d3plus-shape "^0.16.10"
    d3plus-viz "^0.12.35"

d3plus-react@^0.5.7:
  version "0.5.7"
  resolved "https://registry.yarnpkg.com/d3plus-react/-/d3plus-react-0.5.7.tgz#8cbc832d17da4aa1ea1b5e54183f20fbe8d3dc51"
  integrity sha512-2IvdmH59ctsOACpLI0KI9j6+q2gdT+ES7/5zixcQOXDsWJlalkLpJY9h2dTj6oyP5AUD9voLJKow3RAuZ9bbLw==
  dependencies:
    d3plus-common "^0.6.51"
    d3plus-geomap "^0.6.4"
    d3plus-hierarchy "^0.8.7"
    d3plus-network "^0.5.8"
    d3plus-plot "^0.8.14"
    d3plus-priestley "^0.3.4"
    d3plus-viz "^0.12.35"

d3plus-shape@^0.16.10:
  version "0.16.10"
  resolved "https://registry.yarnpkg.com/d3plus-shape/-/d3plus-shape-0.16.10.tgz#b2225fbd22980f80d1f05688795d8938cab51e2c"
  integrity sha512-nCdNdplR2nKblXz94dvZ9oqjnBfJhfMPKaDkHSat3Y7SBGa5cY+/j3UpyD4wyDhMudfTXMyu36A8OoaHdwb4wg==
  dependencies:
    d3-array "^1.2.4"
    d3-collection "^1.0.7"
    d3-color "^1.2.8"
    d3-interpolate-path "^2.1.0"
    d3-polygon "^1.0.5"
    d3-selection "^1.4.0"
    d3-shape "^1.3.5"
    d3-transition "^1.2.0"
    d3plus-color "^0.6.6"
    d3plus-common "^0.6.51"
    d3plus-text "^0.9.45"

d3plus-text@^0.9.45, d3plus-text@^0.9.48:
  version "0.9.48"
  resolved "https://registry.yarnpkg.com/d3plus-text/-/d3plus-text-0.9.48.tgz#fe60c25f09ef8953238a3ca4b69430c570a74759"
  integrity sha512-KzkgRPkn+WWTh3heHuatppNNiAcZmW3yJPPLdGbSHqLVfgb9RVIOn72DVXQJdcDLj6tWJHdEC5yS9zthjj51nQ==
  dependencies:
    d3-array "^1.2.4"
    d3-selection "^1.4.0"
    d3-transition "^1.2.0"
    d3plus-common "^0.6.51"

d3plus-timeline@^0.4.13:
  version "0.4.13"
  resolved "https://registry.yarnpkg.com/d3plus-timeline/-/d3plus-timeline-0.4.13.tgz#3acd95c0dfd43dbe8c1e1cc09a481890cc134c0f"
  integrity sha512-i+N5VJ5UpfA6bvbqcYY3arVJLUAuIlGJVPFauCqpOEEgxZR/a1/WWJQ5IxBBpH3EnnFKbM/gBqzDhaYcWcjPWA==
  dependencies:
    d3-brush "^1.0.6"
    d3-selection "^1.4.0"
    d3plus-axis "^0.4.11"
    d3plus-common "^0.6.51"

d3plus-tooltip@^0.3.10:
  version "0.3.10"
  resolved "https://registry.yarnpkg.com/d3plus-tooltip/-/d3plus-tooltip-0.3.10.tgz#115fdb35d7213fb5767895ebb35532d4517cf393"
  integrity sha512-aed8o+Pm1qXvfbPvz2q/+I4eiscFRIwHhr08CHini9C9FBxsWg4Fu4UIpindJXbQpkT+E7+CkZp9hcwR7hiHCA==
  dependencies:
    d3-selection "^1.4.0"
    d3plus-common "^0.6.51"
    popper.js "^1.15.0"

d3plus-viz@^0.12.35, d3plus-viz@^0.12.36, d3plus-viz@^0.12.37:
  version "0.12.37"
  resolved "https://registry.yarnpkg.com/d3plus-viz/-/d3plus-viz-0.12.37.tgz#fbae3bde42cf1e95f51586760b5048c67db263d2"
  integrity sha512-iXqYlKnyZ1xya4NsCBXEBOK7skPGiWVP4wKch1x2Wm5HIbnbLmv6DlHG4QHWw+2Io3NIhb2ymUcfADeP11yFdw==
  dependencies:
    d3-array "^1.2.4"
    d3-brush "^1.0.6"
    d3-collection "^1.0.7"
    d3-color "^1.2.8"
    d3-queue "^3.0.7"
    d3-request "^1.0.6"
    d3-selection "^1.4.0"
    d3-transition "^1.2.0"
    d3-zoom "^1.7.3"
    d3plus-axis "^0.4.11"
    d3plus-color "^0.6.6"
    d3plus-common "^0.6.52"
    d3plus-export "^0.3.16"
    d3plus-form "^0.2.8"
    d3plus-format "^0.1.13"
    d3plus-legend "^0.8.24"
    d3plus-text "^0.9.45"
    d3plus-timeline "^0.4.13"
    d3plus-tooltip "^0.3.10"
    lrucache "^1.0.3"

d3plus@^2.0.0-alpha.22:
  version "2.0.0-alpha.22"
  resolved "https://registry.yarnpkg.com/d3plus/-/d3plus-2.0.0-alpha.22.tgz#0b7c8a018aa5027ebe23ec2b0a1a6ded221431c4"
  integrity sha512-fUwrQP07+tUnU1T1Ypq0c1CakD4mY6x4MvrOoVwDk7ynmhloGxGtv3QGwBBObegfztq1TquP8kbAi94eHFKKBQ==
  dependencies:
    d3plus-axis "^0.4.11"
    d3plus-color "^0.6.6"
    d3plus-common "^0.6.51"
    d3plus-geomap "^0.6.4"
    d3plus-hierarchy "^0.8.7"
    d3plus-legend "^0.8.24"
    d3plus-network "^0.5.8"
    d3plus-plot "^0.8.14"
    d3plus-priestley "^0.3.4"
    d3plus-shape "^0.16.10"
    d3plus-text "^0.9.45"
    d3plus-timeline "^0.4.13"
    d3plus-tooltip "^0.3.10"
    d3plus-viz "^0.12.35"

file-saver@1.3.3:
  version "1.3.3"
  resolved "https://registry.yarnpkg.com/file-saver/-/file-saver-1.3.3.tgz#cdd4c44d3aa264eac2f68ec165bc791c34af1232"
  integrity sha1-zdTETTqiZOrC9o7BZbx5HDSvEjI=

html2canvas@^0.5.0-beta4:
  version "0.5.0-beta4"
  resolved "https://registry.yarnpkg.com/html2canvas/-/html2canvas-0.5.0-beta4.tgz#8282c62ac5fd78168f5702b5e4877157ca93f39e"
  integrity sha1-goLGKsX9eBaPVwK15IdxV8qT854=

iconv-lite@0.4:
  version "0.4.24"
  resolved "https://registry.yarnpkg.com/iconv-lite/-/iconv-lite-0.4.24.tgz#2022b4b25fbddc21d2f524974a474aafe733908b"
  integrity sha512-v3MXnZAcvnywkTUEZomIActle7RXXeedOR31wwl7VlyoXO4Qi9arvSenNQWne1TcRwhCL1HwLI21bEqdpj8/rA==
  dependencies:
    safer-buffer ">= 2.1.2 < 3"

iso639-codes@^1.0.1:
  version "1.0.1"
  resolved "https://registry.yarnpkg.com/iso639-codes/-/iso639-codes-1.0.1.tgz#674a45cdabbfdf3719b8b971b93ca1eedbbb4a1d"
  integrity sha512-jdTSv8yn6D7GODDrRtuWG7y3du3aoa+ki5H8h/Y48/NleNAd7Fw/M2niTTLXGH4QnqhJ98hg1JMQtP9csQ31Lg==

lrucache@^1.0.3:
  version "1.0.3"
  resolved "https://registry.yarnpkg.com/lrucache/-/lrucache-1.0.3.tgz#3b1ded0d1ba82e188b9bdaba9eee6486f864a434"
  integrity sha1-Ox3tDRuoLhiLm9q6nu5khvhkpDQ=

popper.js@^1.15.0:
  version "1.15.0"
  resolved "https://registry.yarnpkg.com/popper.js/-/popper.js-1.15.0.tgz#5560b99bbad7647e9faa475c6b8056621f5a4ff2"
  integrity sha512-w010cY1oCUmI+9KwwlWki+r5jxKfTFDVoadl7MSrIujHU5MJ5OR6HTDj6Xo8aoR/QsA56x8jKjA59qGH4ELtrA==

rgbcolor@0.0.4:
  version "0.0.4"
  resolved "https://registry.yarnpkg.com/rgbcolor/-/rgbcolor-0.0.4.tgz#ca04615a2d03eb61e49f2a75f239a46fb77d8b1d"
  integrity sha1-ygRhWi0D62Hknyp18jmkb7d9ix0=

rw@1:
  version "1.3.3"
  resolved "https://registry.yarnpkg.com/rw/-/rw-1.3.3.tgz#3f862dfa91ab766b14885ef4d01124bfda074fb4"
  integrity sha1-P4Yt+pGrdmsUiF700BEkv9oHT7Q=

"safer-buffer@>= 2.1.2 < 3":
  version "2.1.2"
  resolved "https://registry.yarnpkg.com/safer-buffer/-/safer-buffer-2.1.2.tgz#44fa161b0187b9549dd84bb91802f9bd8385cd6a"
  integrity sha512-YZo3K82SD7Riyi0E1EQPojLz7kpepnSQI9IyPbHHg1XXXevb5dJI7tpyN2ADxGcQbHG7vcyRHk0cbwqcQriUtg==

stackblur@^1.0.0:
  version "1.0.0"
  resolved "https://registry.yarnpkg.com/stackblur/-/stackblur-1.0.0.tgz#b407a7e05c93b08d66883bb808d7cba3a503f12f"
  integrity sha1-tAen4FyTsI1miDu4CNfLo6UD8S8=

topojson-client@3, topojson-client@3.0.0, topojson-client@^3.0.0:
  version "3.0.0"
  resolved "https://registry.yarnpkg.com/topojson-client/-/topojson-client-3.0.0.tgz#1f99293a77ef42a448d032a81aa982b73f360d2f"
  integrity sha1-H5kpOnfvQqRI0DKoGqmCtz82DS8=
  dependencies:
    commander "2"

topojson-server@3.0.0:
  version "3.0.0"
  resolved "https://registry.yarnpkg.com/topojson-server/-/topojson-server-3.0.0.tgz#378e78e87c3972a7b5be2c5d604369b6bae69c5e"
  integrity sha1-N4546Hw5cqe1vixdYENptrrmnF4=
  dependencies:
    commander "2"

topojson-simplify@3.0.2:
  version "3.0.2"
  resolved "https://registry.yarnpkg.com/topojson-simplify/-/topojson-simplify-3.0.2.tgz#8a2403e639531500fafa0c6594e8b0fadebc2c02"
  integrity sha512-gyYSVRt4jO/0RJXKZQPzTDQRWV+D/nOfiljNUv0HBXslFLtq3yxRHrl7jbrjdbda5Ytdr7M8BZUI4OxU7tnbRQ==
  dependencies:
    commander "2"
    topojson-client "3"

topojson@^3.0.2:
  version "3.0.2"
  resolved "https://registry.yarnpkg.com/topojson/-/topojson-3.0.2.tgz#fcb927306c3e0fa76656fa58deed4555d2346fb4"
  integrity sha512-u3zeuL6WEVL0dmsRn7uHZKc4Ao4gpW3sORUv+N3ezLTvY3JdCuyg0hvpWiIfFw8p/JwVN++SvAsFgcFEeR15rQ==
  dependencies:
    topojson-client "3.0.0"
    topojson-server "3.0.0"
    topojson-simplify "3.0.2"

tsd-jsdoc@^2.3.1:
  version "2.3.1"
  resolved "https://registry.yarnpkg.com/tsd-jsdoc/-/tsd-jsdoc-2.3.1.tgz#71e8507326de3ac730a5227206a0e49325d24708"
  integrity sha512-zrgOVp4TXRYpBBiPa/fXOInlgijKlj4eCMvs1W/s2ssrZs+hYqLKGwpjDZ5trZK2E3XJoh1+JTUbvqhAK30oZg==
  dependencies:
    typescript "^3.2.1"

typescript@^3.2.1:
  version "3.5.3"
  resolved "https://registry.yarnpkg.com/typescript/-/typescript-3.5.3.tgz#c830f657f93f1ea846819e929092f5fe5983e977"
  integrity sha512-ACzBtm/PhXBDId6a6sDJfroT2pOWt/oOnk4/dElG5G33ZL776N3Y6/6bKZJBFpd+b05F3Ct9qDjMeJmRWtE2/g==

windows-locale@^1.0.1:
  version "1.0.1"
  resolved "https://registry.yarnpkg.com/windows-locale/-/windows-locale-1.0.1.tgz#b965309efddc48bf44912c8e596dd3796387e568"
  integrity sha512-X8B22Cg9njwV4h3C5j28xmZ2eWaO69j63WhReeglB69LOT3LoqSO4Vb6TTVSfFikh4KQ9qBOJb6+WvR4tVLTfQ==

xmldom@^0.1.22:
  version "0.1.27"
  resolved "https://registry.yarnpkg.com/xmldom/-/xmldom-0.1.27.tgz#d501f97b3bdb403af8ef9ecc20573187aadac0e9"
  integrity sha1-1QH5ezvbQDr4757MIFcxh6rawOk=

xmlhttprequest@1:
  version "1.8.0"
  resolved "https://registry.yarnpkg.com/xmlhttprequest/-/xmlhttprequest-1.8.0.tgz#67fe075c5c24fef39f9d65f5f7b7fe75171968fc"
  integrity sha1-Z/4HXFwk/vOfnWX197f+dRcZaPw=
